{
  "requires": true,
  "lockfileVersion": 1,
  "dependencies": {
    "@fortawesome/fontawesome-common-types": {
      "version": "0.2.35",
      "resolved": "https://registry.npmjs.org/@fortawesome/fontawesome-common-types/-/fontawesome-common-types-0.2.35.tgz",
      "integrity": "sha512-IHUfxSEDS9dDGqYwIW7wTN6tn/O8E0n5PcAHz9cAaBoZw6UpG20IG/YM3NNLaGPwPqgjBAFjIURzqoQs3rrtuw=="
    },
    "@fortawesome/fontawesome-free": {
      "version": "5.15.3",
      "resolved": "https://registry.npmjs.org/@fortawesome/fontawesome-free/-/fontawesome-free-5.15.3.tgz",
      "integrity": "sha512-rFnSUN/QOtnOAgqFRooTA3H57JLDm0QEG/jPdk+tLQNL/eWd+Aok8g3qCI+Q1xuDPWpGW/i9JySpJVsq8Q0s9w=="
    },
    "@fortawesome/fontawesome-svg-core": {
      "version": "1.2.35",
      "resolved": "https://registry.npmjs.org/@fortawesome/fontawesome-svg-core/-/fontawesome-svg-core-1.2.35.tgz",
      "integrity": "sha512-uLEXifXIL7hnh2sNZQrIJWNol7cTVIzwI+4qcBIq9QWaZqUblm0IDrtSqbNg+3SQf8SMGHkiSigD++rHmCHjBg==",
      "requires": {
        "@fortawesome/fontawesome-common-types": "^0.2.35"
      }
    },
    "@fortawesome/free-regular-svg-icons": {
      "version": "5.15.3",
      "resolved": "https://registry.npmjs.org/@fortawesome/free-regular-svg-icons/-/free-regular-svg-icons-5.15.3.tgz",
      "integrity": "sha512-q4/p8Xehy9qiVTdDWHL4Z+o5PCLRChePGZRTXkl+/Z7erDVL8VcZUuqzJjs6gUz6czss4VIPBRdCz6wP37/zMQ==",
      "requires": {
        "@fortawesome/fontawesome-common-types": "^0.2.35"
      }
    },
    "@fortawesome/free-solid-svg-icons": {
      "version": "5.15.3",
      "resolved": "https://registry.npmjs.org/@fortawesome/free-solid-svg-icons/-/free-solid-svg-icons-5.15.3.tgz",
      "integrity": "sha512-XPeeu1IlGYqz4VWGRAT5ukNMd4VHUEEJ7ysZ7pSSgaEtNvSo+FLurybGJVmiqkQdK50OkSja2bfZXOeyMGRD8Q==",
      "requires": {
        "@fortawesome/fontawesome-common-types": "^0.2.35"
      }
    },
    "@fortawesome/vue-fontawesome": {
      "version": "2.0.2",
      "resolved": "https://registry.npmjs.org/@fortawesome/vue-fontawesome/-/vue-fontawesome-2.0.2.tgz",
      "integrity": "sha512-ecpKSBUWXsxRJVi/dbOds4tkKwEcBQ1JSDZFzE2jTFpF8xIh3OgTX8POIor6bOltjibr3cdEyvnDjecMwUmxhQ==",
      "dev": true
    },
    "fault": {
      "version": "1.0.4",
      "resolved": "https://registry.npmjs.org/fault/-/fault-1.0.4.tgz",
      "integrity": "sha512-CJ0HCB5tL5fYTEA7ToAq5+kTwd++Borf1/bifxd9iT70QcXr4MRrO3Llf8Ifs70q+SJcGHFtnIE/Nw6giCtECA==",
      "requires": {
        "format": "^0.2.0"
      }
    },
    "format": {
      "version": "0.2.2",
      "resolved": "https://registry.npmjs.org/format/-/format-0.2.2.tgz",
      "integrity": "sha1-1hcBB+nv3E7TDJ3DkBbflCtctYs="
    },
    "highlight.js": {
      "version": "10.7.3",
      "resolved": "https://registry.npmjs.org/highlight.js/-/highlight.js-10.7.3.tgz",
      "integrity": "sha512-tzcUFauisWKNHaRkN4Wjl/ZA07gENAjFl3J/c480dprkGTg5EQstgaNFqBfUqCq54kZRIEcreTsAgF/m2quD7A=="
    },
    "lowlight": {
      "version": "1.20.0",
      "resolved": "https://registry.npmjs.org/lowlight/-/lowlight-1.20.0.tgz",
      "integrity": "sha512-8Ktj+prEb1RoCPkEOrPMYUN/nCggB7qAWe3a7OpMjWQkh3l2RD5wKRQ+o8Q8YuI9RG/xs95waaI/E6ym/7NsTw==",
      "requires": {
        "fault": "^1.0.0",
        "highlight.js": "~10.7.0"
      }
    },
    "orderedmap": {
      "version": "1.1.1",
      "resolved": "https://registry.npmjs.org/orderedmap/-/orderedmap-1.1.1.tgz",
      "integrity": "sha512-3Ux8um0zXbVacKUkcytc0u3HgC0b0bBLT+I60r2J/En72cI0nZffqrA7Xtf2Hqs27j1g82llR5Mhbd0Z1XW4AQ=="
    },
    "popper.js": {
      "version": "1.16.1",
      "resolved": "https://registry.npmjs.org/popper.js/-/popper.js-1.16.1.tgz",
      "integrity": "sha512-Wb4p1J4zyFTbM+u6WuO4XstYx4Ky9Cewe4DWrel7B0w6VVICvPwdOpotjzcf6eD8TsckVnIMNONQyPIUFOUbCQ=="
    },
    "prosemirror-collab": {
      "version": "1.2.2",
      "resolved": "https://registry.npmjs.org/prosemirror-collab/-/prosemirror-collab-1.2.2.tgz",
      "integrity": "sha512-tBnHKMLgy5Qmx9MYVcLfs3pAyjtcqYYDd9kp3y+LSiQzkhMQDfZSV3NXWe4Gsly32adSef173BvObwfoSQL5MA==",
      "requires": {
        "prosemirror-state": "^1.0.0"
      }
    },
    "prosemirror-commands": {
      "version": "1.1.8",
      "resolved": "https://registry.npmjs.org/prosemirror-commands/-/prosemirror-commands-1.1.8.tgz",
      "integrity": "sha512-EIj/WAlrK2rVugxNxsFG6pI4430RL63ka2QKB9dO7vvStsLO//nq/oMjmd3VXp08+QNrmmLE23utqBUZwbS9Jg==",
      "requires": {
        "prosemirror-model": "^1.0.0",
        "prosemirror-state": "^1.0.0",
        "prosemirror-transform": "^1.0.0"
      }
    },
    "prosemirror-dropcursor": {
      "version": "1.3.5",
      "resolved": "https://registry.npmjs.org/prosemirror-dropcursor/-/prosemirror-dropcursor-1.3.5.tgz",
      "integrity": "sha512-tNUwcF2lPAkwKBZPZRtbxpwljnODRNZ3eiYloN1DSUqDjMT1nBZm0nejaEMS1TvNQ+3amibUSAiV4hX+jpASFA==",
      "requires": {
        "prosemirror-state": "^1.0.0",
        "prosemirror-transform": "^1.1.0",
        "prosemirror-view": "^1.1.0"
      }
    },
    "prosemirror-gapcursor": {
      "version": "1.1.5",
      "resolved": "https://registry.npmjs.org/prosemirror-gapcursor/-/prosemirror-gapcursor-1.1.5.tgz",
      "integrity": "sha512-SjbUZq5pgsBDuV3hu8GqgIpZR5eZvGLM+gPQTqjVVYSMUCfKW3EGXTEYaLHEl1bGduwqNC95O3bZflgtAb4L6w==",
      "requires": {
        "prosemirror-keymap": "^1.0.0",
        "prosemirror-model": "^1.0.0",
        "prosemirror-state": "^1.0.0",
        "prosemirror-view": "^1.0.0"
      }
    },
    "prosemirror-history": {
      "version": "1.1.3",
      "resolved": "https://registry.npmjs.org/prosemirror-history/-/prosemirror-history-1.1.3.tgz",
      "integrity": "sha512-zGDotijea+vnfnyyUGyiy1wfOQhf0B/b6zYcCouBV8yo6JmrE9X23M5q7Nf/nATywEZbgRLG70R4DmfSTC+gfg==",
      "requires": {
        "prosemirror-state": "^1.2.2",
        "prosemirror-transform": "^1.0.0",
        "rope-sequence": "^1.3.0"
      }
    },
    "prosemirror-inputrules": {
      "version": "1.1.3",
      "resolved": "https://registry.npmjs.org/prosemirror-inputrules/-/prosemirror-inputrules-1.1.3.tgz",
      "integrity": "sha512-ZaHCLyBtvbyIHv0f5p6boQTIJjlD6o2NPZiEaZWT2DA+j591zS29QQEMT4lBqwcLW3qRSf7ZvoKNbf05YrsStw==",
      "requires": {
        "prosemirror-state": "^1.0.0",
        "prosemirror-transform": "^1.0.0"
      }
    },
    "prosemirror-keymap": {
      "version": "1.1.4",
      "resolved": "https://registry.npmjs.org/prosemirror-keymap/-/prosemirror-keymap-1.1.4.tgz",
      "integrity": "sha512-Al8cVUOnDFL4gcI5IDlG6xbZ0aOD/i3B17VT+1JbHWDguCgt/lBHVTHUBcKvvbSg6+q/W4Nj1Fu6bwZSca3xjg==",
      "requires": {
        "prosemirror-state": "^1.0.0",
        "w3c-keyname": "^2.2.0"
      }
    },
    "prosemirror-model": {
      "version": "1.14.1",
      "resolved": "https://registry.npmjs.org/prosemirror-model/-/prosemirror-model-1.14.1.tgz",
      "integrity": "sha512-vZcbI+24VloFefKZkDnMaEpipL/vSKKPdFiik4KOnTzq3e6AO7+CAOixZ2G/SsfRaYC965XvnOIEbhIQdgki7w==",
      "requires": {
        "orderedmap": "^1.1.0"
      }
    },
    "prosemirror-schema-list": {
      "version": "1.1.4",
      "resolved": "https://registry.npmjs.org/prosemirror-schema-list/-/prosemirror-schema-list-1.1.4.tgz",
      "integrity": "sha512-pNTuZflacFOBlxrTcWSdWhjoB8BaucwfJVp/gJNxztOwaN3wQiC65axclXyplf6TKgXD/EkWfS/QAov3/Znadw==",
      "requires": {
        "prosemirror-model": "^1.0.0",
        "prosemirror-transform": "^1.0.0"
      }
    },
    "prosemirror-state": {
      "version": "1.3.4",
      "resolved": "https://registry.npmjs.org/prosemirror-state/-/prosemirror-state-1.3.4.tgz",
      "integrity": "sha512-Xkkrpd1y/TQ6HKzN3agsQIGRcLckUMA9u3j207L04mt8ToRgpGeyhbVv0HI7omDORIBHjR29b7AwlATFFf2GLA==",
      "requires": {
        "prosemirror-model": "^1.0.0",
        "prosemirror-transform": "^1.0.0"
      }
    },
    "prosemirror-tables": {
      "version": "1.1.1",
      "resolved": "https://registry.npmjs.org/prosemirror-tables/-/prosemirror-tables-1.1.1.tgz",
      "integrity": "sha512-LmCz4jrlqQZRsYRDzCRYf/pQ5CUcSOyqZlAj5kv67ZWBH1SVLP2U9WJEvQfimWgeRlIz0y0PQVqO1arRm1+woA==",
      "requires": {
        "prosemirror-keymap": "^1.1.2",
        "prosemirror-model": "^1.8.1",
        "prosemirror-state": "^1.3.1",
        "prosemirror-transform": "^1.2.1",
        "prosemirror-view": "^1.13.3"
      }
    },
    "prosemirror-transform": {
      "version": "1.3.2",
      "resolved": "https://registry.npmjs.org/prosemirror-transform/-/prosemirror-transform-1.3.2.tgz",
      "integrity": "sha512-/G6d/u9Mf6Bv3H1XR8VxhpjmUO75LYmnvj+s3ZfZpakU1hnQbsvCEybml1B3f2IWUAAQRFkbO1PnsbFhLZsYsw==",
      "requires": {
        "prosemirror-model": "^1.0.0"
      }
    },
    "prosemirror-view": {
      "version": "1.18.7",
      "resolved": "https://registry.npmjs.org/prosemirror-view/-/prosemirror-view-1.18.7.tgz",
      "integrity": "sha512-pUCxoyuWnbVfJ/ukhQ+7+bfDMArG3wu6hHnnTFi61C7Teb5OILUhkkhEhF2/RsppBFWrkwsNcf8rQm8SSoSKRg==",
      "requires": {
        "prosemirror-model": "^1.1.0",
        "prosemirror-state": "^1.0.0",
        "prosemirror-transform": "^1.1.0"
      }
    },
    "rope-sequence": {
      "version": "1.3.2",
      "resolved": "https://registry.npmjs.org/rope-sequence/-/rope-sequence-1.3.2.tgz",
      "integrity": "sha512-ku6MFrwEVSVmXLvy3dYph3LAMNS0890K7fabn+0YIRQ2T96T9F4gkFf0vf0WW0JUraNWwGRtInEpH7yO4tbQZg=="
    },
    "tiptap": {
      "version": "1.32.2",
      "resolved": "https://registry.npmjs.org/tiptap/-/tiptap-1.32.2.tgz",
      "integrity": "sha512-5IwVj8nGo8y5V3jbdtoEd7xNUsi8Q0N6WV2Nfs70olqz3fldXkiImBrDhZJ4Anx8vhyP6PIBttrg0prFVmwIvw==",
      "requires": {
        "prosemirror-commands": "^1.1.4",
        "prosemirror-dropcursor": "^1.3.2",
        "prosemirror-gapcursor": "^1.1.5",
        "prosemirror-inputrules": "^1.1.3",
        "prosemirror-keymap": "^1.1.4",
        "prosemirror-model": "^1.13.1",
        "prosemirror-state": "^1.3.3",
        "prosemirror-view": "^1.16.5",
        "tiptap-commands": "^1.17.1",
        "tiptap-utils": "^1.13.1"
      }
    },
    "tiptap-commands": {
      "version": "1.17.1",
      "resolved": "https://registry.npmjs.org/tiptap-commands/-/tiptap-commands-1.17.1.tgz",
      "integrity": "sha512-CyGvMD/c6fNer5LThWGtrVMXHAqHn93ivGQpqJ58x3HNZFuoIiF9QTWXAiWbY/4QrG0ANYHKCSe9n5afickTqw==",
      "requires": {
        "prosemirror-commands": "^1.1.4",
        "prosemirror-inputrules": "^1.1.2",
        "prosemirror-model": "^1.13.1",
        "prosemirror-schema-list": "^1.1.4",
        "prosemirror-state": "^1.3.3",
        "prosemirror-tables": "^1.1.1",
        "tiptap-utils": "^1.13.1"
      }
    },
    "tiptap-extensions": {
      "version": "1.35.2",
      "resolved": "https://registry.npmjs.org/tiptap-extensions/-/tiptap-extensions-1.35.2.tgz",
      "integrity": "sha512-TIMbHVJe0/3aVeTeCmqGbatDkfxduPYFOffNCmuKR+h6oQNzTu6rLVhRzoNqktfxIoi/b44SiDPorTjSN72dCw==",
      "requires": {
        "lowlight": "^1.17.0",
        "prosemirror-collab": "^1.2.2",
        "prosemirror-history": "^1.1.3",
        "prosemirror-model": "^1.13.1",
        "prosemirror-state": "^1.3.3",
        "prosemirror-tables": "^1.1.1",
        "prosemirror-transform": "^1.2.8",
        "prosemirror-view": "^1.16.5",
        "tiptap": "^1.32.2",
        "tiptap-commands": "^1.17.1",
        "tiptap-utils": "^1.13.1"
      }
    },
    "tiptap-utils": {
      "version": "1.13.1",
      "resolved": "https://registry.npmjs.org/tiptap-utils/-/tiptap-utils-1.13.1.tgz",
      "integrity": "sha512-RoCvMfkdu7fp9u7nsRr1OgsYU8RFjoHKHEKpx075rJ9X0t+j5Vxah9n6QzTTr4yjvcavq22WO2flFacm36zYtA==",
      "requires": {
        "prosemirror-model": "^1.13.1",
        "prosemirror-state": "^1.3.3",
        "prosemirror-tables": "^1.1.1"
      }
    },
    "tiptap-vuetify": {
      "version": "2.24.0",
      "resolved": "https://registry.npmjs.org/tiptap-vuetify/-/tiptap-vuetify-2.24.0.tgz",
      "integrity": "sha512-9GDXYr/wux8i2vVCOpigmDZDaBfjqO9OCxctWlH6zwNKr4enN0jfIySd6CDHN7E5eY7Vn61etkfQ4sRVGvH80g==",
      "requires": {
        "popper.js": "^1.16.1",
        "tiptap": "^1.16.2",
        "tiptap-extensions": "^1.14.0"
      }
    },
    "w3c-keyname": {
      "version": "2.2.4",
      "resolved": "https://registry.npmjs.org/w3c-keyname/-/w3c-keyname-2.2.4.tgz",
      "integrity": "sha512-tOhfEwEzFLJzf6d1ZPkYfGj+FWhIpBux9ppoP3rlclw3Z0BZv3N7b7030Z1kYth+6rDuAsXUFr+d0VE6Ed1ikw=="
    }
  }
}
